Microsoft Visual Studio Solution File, Format Version 12.00
# Visual Studio Version 17
VisualStudioVersion = 17.5.2.0
MinimumVisualStudioVersion = 10.0.40219.1
Project("{2150E333-8FDC-42A3-9474-1A3956D46DE8}") = "MyLambdaShit", "MyLambdaShit", "{6EB4D775-FA41-5F52-5D80-DFCB7E1E9F9D}"
EndProject
Project("{2150E333-8FDC-42A3-9474-1A3956D46DE8}") = "test", "test", "{0D66BA07-1876-1BA8-7D2F-146529059ADD}"
EndProject
Project("{FAE04EC0-301F-11D3-BF4B-00C04F79EFBC}") = "MyLambdaShit.Tests", "MyLambdaShit\test\MyLambdaShit.Tests\MyLambdaShit.Tests.csproj", "{17C6BFEE-D367-446D-2124-EAD562F88BDA}"
EndProject
Project("{2150E333-8FDC-42A3-9474-1A3956D46DE8}") = "src", "src", "{51EBEF1B-F7C9-4D17-55ED-6BC43CD9C0E5}"
EndProject
Project("{FAE04EC0-301F-11D3-BF4B-00C04F79EFBC}") = "MyLambdaShit", "MyLambdaShit\src\MyLambdaShit\MyLambdaShit.csproj", "{11403579-05FD-72C2-2523-EA20FD3C751A}"
EndProject
Global
	GlobalSection(SolutionConfigurationPlatforms) = preSolution
		Debug|Any CPU = Debug|Any CPU
		Release|Any CPU = Release|Any CPU
	EndGlobalSection
	GlobalSection(ProjectConfigurationPlatforms) = postSolution
		{17C6BFEE-D367-446D-2124-EAD562F88BDA}.Debug|Any CPU.ActiveCfg = Debug|Any CPU
		{17C6BFEE-D367-446D-2124-EAD562F88BDA}.Debug|Any CPU.Build.0 = Debug|Any CPU
		{17C6BFEE-D367-446D-2124-EAD562F88BDA}.Release|Any CPU.ActiveCfg = Release|Any CPU
		{17C6BFEE-D367-446D-2124-EAD562F88BDA}.Release|Any CPU.Build.0 = Release|Any CPU
		{11403579-05FD-72C2-2523-EA20FD3C751A}.Debug|Any CPU.ActiveCfg = Debug|Any CPU
		{11403579-05FD-72C2-2523-EA20FD3C751A}.Debug|Any CPU.Build.0 = Debug|Any CPU
		{11403579-05FD-72C2-2523-EA20FD3C751A}.Release|Any CPU.ActiveCfg = Release|Any CPU
		{11403579-05FD-72C2-2523-EA20FD3C751A}.Release|Any CPU.Build.0 = Release|Any CPU
	EndGlobalSection
	GlobalSection(SolutionProperties) = preSolution
		HideSolutionNode = FALSE
	EndGlobalSection
	GlobalSection(NestedProjects) = preSolution
		{0D66BA07-1876-1BA8-7D2F-146529059ADD} = {6EB4D775-FA41-5F52-5D80-DFCB7E1E9F9D}
		{17C6BFEE-D367-446D-2124-EAD562F88BDA} = {0D66BA07-1876-1BA8-7D2F-146529059ADD}
		{51EBEF1B-F7C9-4D17-55ED-6BC43CD9C0E5} = {6EB4D775-FA41-5F52-5D80-DFCB7E1E9F9D}
		{11403579-05FD-72C2-2523-EA20FD3C751A} = {51EBEF1B-F7C9-4D17-55ED-6BC43CD9C0E5}
	EndGlobalSection
	GlobalSection(ExtensibilityGlobals) = postSolution
		SolutionGuid = {9946DA31-B8DC-40C2-B42D-D332CA800D5B}
	EndGlobalSection
EndGlobal
